PODS:
  - facebook_audience_network (0.0.1):
    - FBAudienceNetwork (~> 6.3)
    - Flutter
  - FBAudienceNetwork (6.12.0)
  - Flutter (1.0.0)
  - flutter_screen_wake (0.0.1):
    - Flutter
  - flutter_tts (0.0.1):
    - Flutter
  - FMDB (2.7.5):
    - FMDB/standard (= 2.7.5)
  - FMDB/standard (2.7.5)
  - launch_review (0.0.1):
    - Flutter
  - path_provider_foundation (0.0.1):
    - Flutter
    - FlutterMacOS
  - share (0.0.1):
    - Flutter
  - shared_preferences_foundation (0.0.1):
    - Flutter
    - FlutterMacOS
  - sqflite (0.0.2):
    - Flutter
    - FMDB (>= 2.7.5)

DEPENDENCIES:
  - facebook_audience_network (from `.symlinks/plugins/facebook_audience_network/ios`)
  - Flutter (from `Flutter`)
  - flutter_screen_wake (from `.symlinks/plugins/flutter_screen_wake/ios`)
  - flutter_tts (from `.symlinks/plugins/flutter_tts/ios`)
  - launch_review (from `.symlinks/plugins/launch_review/ios`)
  - path_provider_foundation (from `.symlinks/plugins/path_provider_foundation/ios`)
  - share (from `.symlinks/plugins/share/ios`)
  - shared_preferences_foundation (from `.symlinks/plugins/shared_preferences_foundation/ios`)
  - sqflite (from `.symlinks/plugins/sqflite/ios`)

SPEC REPOS:
  trunk:
    - FBAudienceNetwork
    - FMDB

EXTERNAL SOURCES:
  facebook_audience_network:
    :path: ".symlinks/plugins/facebook_audience_network/ios"
  Flutter:
    :path: Flutter
  flutter_screen_wake:
    :path: ".symlinks/plugins/flutter_screen_wake/ios"
  flutter_tts:
    :path: ".symlinks/plugins/flutter_tts/ios"
  launch_review:
    :path: ".symlinks/plugins/launch_review/ios"
  path_provider_foundation:
    :path: ".symlinks/plugins/path_provider_foundation/ios"
  share:
    :path: ".symlinks/plugins/share/ios"
  shared_preferences_foundation:
    :path: ".symlinks/plugins/shared_preferences_foundation/ios"
  sqflite:
    :path: ".symlinks/plugins/sqflite/ios"

SPEC CHECKSUMS:
  facebook_audience_network: bb22bdda913d419d8c3247c9570bda4563302417
  FBAudienceNetwork: e0fcc9091fced34910ed0b6da06f129db46ac9e6
  Flutter: f04841e97a9d0b0a8025694d0796dd46242b2854
  flutter_screen_wake: 4d3c2b43943ea81bd5e591fd4e639ea537f4ca5e
  flutter_tts: 0f492aab6accf87059b72354fcb4ba934304771d
  FMDB: 2ce00b547f966261cd18927a3ddb07cb6f3db82a
  launch_review: 75d5a956ba8eaa493e9c9d4bf4c05e505e8d5ed0
  path_provider_foundation: 37748e03f12783f9de2cb2c4eadfaa25fe6d4852
  share: 0b2c3e82132f5888bccca3351c504d0003b3b410
  shared_preferences_foundation: 297b3ebca31b34ec92be11acd7fb0ba932c822ca
  sqflite: 6d358c025f5b867b29ed92fc697fd34924e11904

PODFILE CHECKSUM: 7368163408c647b7eb699d0d788ba6718e18fb8d

COCOAPODS: 1.11.3
